{
  "name": "stellaris-game-mechanics",
  "version": "1.0.0",
  "lockfileVersion": 1,
  "requires": true,
  "dependencies": {
    "jomini": {
      "version": "0.2.11",
      "resolved": "https://registry.npmjs.org/jomini/-/jomini-0.2.11.tgz",
      "integrity": "sha512-2Pv7CBcOaFDsCMa4qkCoKTxFEE/BYvGN2mX2IWJOBnbXKlzgznce/Uf+UJeEh5KpwDMUXnI2JNu2lbPNxCs13w=="
    }
  }
}
